p065527-2117-01-14-11-17
p043673-2133-02-06-21-09
p043737-2111-12-07-21-49
p044018-2155-10-21-03-04
p008396-2192-04-03-15-33
p008142-2190-10-30-20-41
p006539-2171-12-15-23-41
p008698-2169-01-10-23-03
p008780-2175-01-16-07-59
p006917-2128-10-16-00-11
p008848-2148-07-30-17-12
p005525-2115-10-29-19-59
p007965-2141-11-28-14-41
p008795-2169-08-25-10-04
p008915-2159-05-04-19-50
p007183-2175-01-03-14-51
p006131-2152-05-12-21-48
p005193-2138-03-19-14-11
p007966-2115-08-27-16-14
